{
  "object": {
    "pins": [
      {
        "package": "Alamofire",
        "repositoryURL": "https://github.com/Alamofire/Alamofire.git",
        "state": {
          "branch": null,
          "revision": "3dc6a42c7727c49bf26508e29b0a0b35f9c7e1ad",
          "version": "5.8.1"
        }
      },
      {
        "package": "FindMyIP",
        "repositoryURL": "https://github.com/jusjoin/FindMyIP.git",
        "state": {
          "branch": "main",
          "revision": "5b03748fd73e620fbe7f58cf1f5177568325d33b",
          "version": null
        }
      }
    ]
  },
  "version": 1
}
